
Microsoft Visual Studio Solution File, Format Version 12.00
# Visual Studio Version 17
VisualStudioVersion = 17.11.35222.181
MinimumVisualStudioVersion = 10.0.40219.1
Project("{8BC9CEB8-8B4A-11D0-8D11-00A0C91BC942}") = "For_each", "For_each.vcxproj", "{B0D28769-0ABB-459E-9C68-81F585FC0D76}"
EndProject
Global
	GlobalSection(SolutionConfigurationPlatforms) = preSolution
		Debug|x64 = Debug|x64
		Debug|x86 = Debug|x86
		Release|x64 = Release|x64
		Release|x86 = Release|x86
	EndGlobalSection
	GlobalSection(ProjectConfigurationPlatforms) = postSolution
		{B0D28769-0ABB-459E-9C68-81F585FC0D76}.Debug|x64.ActiveCfg = Debug|x64
		{B0D28769-0ABB-459E-9C68-81F585FC0D76}.Debug|x64.Build.0 = Debug|x64
		{B0D28769-0ABB-459E-9C68-81F585FC0D76}.Debug|x86.ActiveCfg = Debug|Win32
		{B0D28769-0ABB-459E-9C68-81F585FC0D76}.Debug|x86.Build.0 = Debug|Win32
		{B0D28769-0ABB-459E-9C68-81F585FC0D76}.Release|x64.ActiveCfg = Release|x64
		{B0D28769-0ABB-459E-9C68-81F585FC0D76}.Release|x64.Build.0 = Release|x64
		{B0D28769-0ABB-459E-9C68-81F585FC0D76}.Release|x86.ActiveCfg = Release|Win32
		{B0D28769-0ABB-459E-9C68-81F585FC0D76}.Release|x86.Build.0 = Release|Win32
	EndGlobalSection
	GlobalSection(SolutionProperties) = preSolution
		HideSolutionNode = FALSE
	EndGlobalSection
	GlobalSection(ExtensibilityGlobals) = postSolution
		SolutionGuid = {6814E257-DB12-4F0C-B41C-DD4F03924703}
	EndGlobalSection
EndGlobal
